// !$*UTF8*$!
{
	archiveVersion = 1;
	classes = {
	};
	objectVersion = 55;
	objects = {

/* Begin PBXBuildFile section */
		722225B409E8F6320BF31E12 /* Pods_LintRemoteDemo.framework in Frameworks */ = {isa = PBXBuildFile; fileRef = F08D477106BC0C7A5AB8EC9D /* Pods_LintRemoteDemo.framework */; };
		EE4E84EF289012A0006A28D5 /* AppDelegate.swift in Sources */ = {isa = PBXBuildFile; fileRef = EE4E84EE289012A0006A28D5 /* AppDelegate.swift */; };
		EE4E84F1289012A0006A28D5 /* SceneDelegate.swift in Sources */ = {isa = PBXBuildFile; fileRef = EE4E84F0289012A0006A28D5 /* SceneDelegate.swift */; };
		EE4E84F3289012A0006A28D5 /* ViewController.swift in Sources */ = {isa = PBXBuildFile; fileRef = EE4E84F2289012A0006A28D5 /* ViewController.swift */; };
		EE4E84F6289012A0006A28D5 /* Main.storyboard in Resources */ = {isa = PBXBuildFile; fileRef = EE4E84F4289012A0006A28D5 /* Main.storyboard */; };
		EE4E84F8289012A1006A28D5 /* Assets.xcassets in Resources */ = {isa = PBXBuildFile; fileRef = EE4E84F7289012A1006A28D5 /* Assets.xcassets */; };
		EE4E84FB289012A1006A28D5 /* LaunchScreen.storyboard in Resources */ = {isa = PBXBuildFile; fileRef = EE4E84F9289012A1006A28D5 /* LaunchScreen.storyboard */; };
/* End PBXBuildFile section */

/* Begin PBXFileReference section */
		6F2435761DC8DF68E2DC9628 /* Pods-LintRemoteDemo.debug.xcconfig */ = {isa = PBXFileReference; includeInIndex = 1; lastKnownFileType = text.xcconfig; name = "Pods-LintRemoteDemo.debug.xcconfig"; path = "Target Support Files/Pods-LintRemoteDemo/Pods-LintRemoteDemo.debug.xcconfig"; sourceTree = "<group>"; };
		C3BA777DA26AB0096AEDC8C4 /* Pods-LintRemoteDemo.release.xcconfig */ = {isa = PBXFileReference; includeInIndex = 1; lastKnownFileType = text.xcconfig; name = "Pods-LintRemoteDemo.release.xcconfig"; path = "Target Support Files/Pods-LintRemoteDemo/Pods-LintRemoteDemo.release.xcconfig"; sourceTree = "<group>"; };
		EE4E84EB289012A0006A28D5 /* LintRemoteDemo.app */ = {isa = PBXFileReference; explicitFileType = wrapper.application; includeInIndex = 0; path = LintRemoteDemo.app; sourceTree = BUILT_PRODUCTS_DIR; };
		EE4E84EE289012A0006A28D5 /* AppDelegate.swift */ = {isa = PBXFileReference; lastKnownFileType = sourcecode.swift; path = AppDelegate.swift; sourceTree = "<group>"; };
		EE4E84F0289012A0006A28D5 /* SceneDelegate.swift */ = {isa = PBXFileReference; lastKnownFileType = sourcecode.swift; path = SceneDelegate.swift; sourceTree = "<group>"; };
		EE4E84F2289012A0006A28D5 /* ViewController.swift */ = {isa = PBXFileReference; lastKnownFileType = sourcecode.swift; path = ViewController.swift; sourceTree = "<group>"; };
		EE4E84F5289012A0006A28D5 /* Base */ = {isa = PBXFileReference; lastKnownFileType = file.storyboard; name = Base; path = Base.lproj/Main.storyboard; sourceTree = "<group>"; };
		EE4E84F7289012A1006A28D5 /* Assets.xcassets */ = {isa = PBXFileReference; lastKnownFileType = folder.assetcatalog; path = Assets.xcassets; sourceTree = "<group>"; };
		EE4E84FA289012A1006A28D5 /* Base */ = {isa = PBXFileReference; lastKnownFileType = file.storyboard; name = Base; path = Base.lproj/LaunchScreen.storyboard; sourceTree = "<group>"; };
		EE4E84FC289012A1006A28D5 /* Info.plist */ = {isa = PBXFileReference; lastKnownFileType = text.plist.xml; path = Info.plist; sourceTree = "<group>"; };
		F08D477106BC0C7A5AB8EC9D /* Pods_LintRemoteDemo.framework */ = {isa = PBXFileReference; explicitFileType = wrapper.framework; includeInIndex = 0; path = Pods_LintRemoteDemo.framework; sourceTree = BUILT_PRODUCTS_DIR; };
/* End PBXFileReference section */

/* Begin PBXFrameworksBuildPhase section */
		EE4E84E8289012A0006A28D5 /* Frameworks */ = {
			isa = PBXFrameworksBuildPhase;
			buildActionMask = 2147483647;
			files = (
				722225B409E8F6320BF31E12 /* Pods_LintRemoteDemo.framework in Frameworks */,
			);
			runOnlyForDeploymentPostprocessing = 0;
		};
/* End PBXFrameworksBuildPhase section */

/* Begin PBXGroup section */
		434ADE5D4FF5A372BFF03B4E /* Frameworks */ = {
			isa = PBXGroup;
			children = (
				F08D477106BC0C7A5AB8EC9D /* Pods_LintRemoteDemo.framework */,
			);
			name = Frameworks;
			sourceTree = "<group>";
		};
		D493D51EDC57437FD606467D /* Pods */ = {
			isa = PBXGroup;
			children = (
				6F2435761DC8DF68E2DC9628 /* Pods-LintRemoteDemo.debug.xcconfig */,
				C3BA777DA26AB0096AEDC8C4 /* Pods-LintRemoteDemo.release.xcconfig */,
			);
			path = Pods;
			sourceTree = "<group>";
		};
		EE4E84E2289012A0006A28D5 = {
			isa = PBXGroup;
			children = (
				EE4E84ED289012A0006A28D5 /* LintRemoteDemo */,
				EE4E84EC289012A0006A28D5 /* Products */,
				D493D51EDC57437FD606467D /* Pods */,
				434ADE5D4FF5A372BFF03B4E /* Frameworks */,
			);
			sourceTree = "<group>";
		};
		EE4E84EC289012A0006A28D5 /* Products */ = {
			isa = PBXGroup;
			children = (
				EE4E84EB289012A0006A28D5 /* LintRemoteDemo.app */,
			);
			name = Products;
			sourceTree = "<group>";
		};
		EE4E84ED289012A0006A28D5 /* LintRemoteDemo */ = {
			isa = PBXGroup;
			children = (
				EE4E84EE289012A0006A28D5 /* AppDelegate.swift */,
				EE4E84F0289012A0006A28D5 /* SceneDelegate.swift */,
				EE4E84F2289012A0006A28D5 /* ViewController.swift */,
				EE4E84F4289012A0006A28D5 /* Main.storyboard */,
				EE4E84F7289012A1006A28D5 /* Assets.xcassets */,
				EE4E84F9289012A1006A28D5 /* LaunchScreen.storyboard */,
				EE4E84FC289012A1006A28D5 /* Info.plist */,
			);
			path = LintRemoteDemo;
			sourceTree = "<group>";
		};
/* End PBXGroup section */

/* Begin PBXNativeTarget section */
		EE4E84EA289012A0006A28D5 /* LintRemoteDemo */ = {
			isa = PBXNativeTarget;
			buildConfigurationList = EE4E84FF289012A1006A28D5 /* Build configuration list for PBXNativeTarget "LintRemoteDemo" */;
			buildPhases = (
				32DDC4958EAD98686EE35E0A /* [CP] Check Pods Manifest.lock */,
				EE4E84E7289012A0006A28D5 /* Sources */,
				EE4E84E8289012A0006A28D5 /* Frameworks */,
				EE4E84E9289012A0006A28D5 /* Resources */,
				EE4E850228902782006A28D5 /* SwiftLint */,
			);
			buildRules = (
			);
			dependencies = (
			);
			name = LintRemoteDemo;
			productName = LintRemoteDemo;
			productReference = EE4E84EB289012A0006A28D5 /* LintRemoteDemo.app */;
			productType = "com.apple.product-type.application";
		};
/* End PBXNativeTarget section */

/* Begin PBXProject section */
		EE4E84E3289012A0006A28D5 /* Project object */ = {
			isa = PBXProject;
			attributes = {
				BuildIndependentTargetsInParallel = 1;
				LastSwiftUpdateCheck = 1340;
				LastUpgradeCheck = 1340;
				TargetAttributes = {
					EE4E84EA289012A0006A28D5 = {
						CreatedOnToolsVersion = 13.4.1;
					};
				};
			};
			buildConfigurationList = EE4E84E6289012A0006A28D5 /* Build configuration list for PBXProject "LintRemoteDemo" */;
			compatibilityVersion = "Xcode 13.0";
			developmentRegion = en;
			hasScannedForEncodings = 0;
			knownRegions = (
				en,
				Base,
			);
			mainGroup = EE4E84E2289012A0006A28D5;
			productRefGroup = EE4E84EC289012A0006A28D5 /* Products */;
			projectDirPath = "";
			projectRoot = "";
			targets = (
				EE4E84EA289012A0006A28D5 /* LintRemoteDemo */,
			);
		};
/* End PBXProject section */

/* Begin PBXResourcesBuildPhase section */
		EE4E84E9289012A0006A28D5 /* Resources */ = {
			isa = PBXResourcesBuildPhase;
			buildActionMask = 2147483647;
			files = (
				EE4E84FB289012A1006A28D5 /* LaunchScreen.storyboard in Resources */,
				EE4E84F8289012A1006A28D5 /* Assets.xcassets in Resources */,
				EE4E84F6289012A0006A28D5 /* Main.storyboard in Resources */,
			);
			runOnlyForDeploymentPostprocessing = 0;
		};
/* End PBXResourcesBuildPhase section */

/* Begin PBXShellScriptBuildPhase section */
		32DDC4958EAD98686EE35E0A /* [CP] Check Pods Manifest.lock */ = {
			isa = PBXShellScriptBuildPhase;
			buildActionMask = 2147483647;
			files = (
			);
			inputFileListPaths = (
			);
			inputPaths = (
				"${PODS_PODFILE_DIR_PATH}/Podfile.lock",
				"${PODS_ROOT}/Manifest.lock",
			);
			name = "[CP] Check Pods Manifest.lock";
			outputFileListPaths = (
			);
			outputPaths = (
				"$(DERIVED_FILE_DIR)/Pods-LintRemoteDemo-checkManifestLockResult.txt",
			);
			runOnlyForDeploymentPostprocessing = 0;
			shellPath = /bin/sh;
			shellScript = "diff \"${PODS_PODFILE_DIR_PATH}/Podfile.lock\" \"${PODS_ROOT}/Manifest.lock\" > /dev/null\nif [ $? != 0 ] ; then\n    # print error to STDERR\n    echo \"error: The sandbox is not in sync with the Podfile.lock. Run 'pod install' or update your CocoaPods installation.\" >&2\n    exit 1\nfi\n# This output is used by Xcode 'outputs' to avoid re-running this script phase.\necho \"SUCCESS\" > \"${SCRIPT_OUTPUT_FILE_0}\"\n";
			showEnvVarsInLog = 0;
		};
		EE4E850228902782006A28D5 /* SwiftLint */ = {
			isa = PBXShellScriptBuildPhase;
			buildActionMask = 2147483647;
			files = (
			);
			inputFileListPaths = (
			);
			inputPaths = (
			);
			name = SwiftLint;
			outputFileListPaths = (
			);
			outputPaths = (
			);
			runOnlyForDeploymentPostprocessing = 0;
			shellPath = /bin/sh;
			shellScript = "\"${PODS_ROOT}/SwiftLint/swiftlint\"\n";
		};
/* End PBXShellScriptBuildPhase section */

/* Begin PBXSourcesBuildPhase section */
		EE4E84E7289012A0006A28D5 /* Sources */ = {
			isa = PBXSourcesBuildPhase;
			buildActionMask = 2147483647;
			files = (
				EE4E84F3289012A0006A28D5 /* ViewController.swift in Sources */,
				EE4E84EF289012A0006A28D5 /* AppDelegate.swift in Sources */,
				EE4E84F1289012A0006A28D5 /* SceneDelegate.swift in Sources */,
			);
			runOnlyForDeploymentPostprocessing = 0;
		};
/* End PBXSourcesBuildPhase section */

/* Begin PBXVariantGroup section */
		EE4E84F4289012A0006A28D5 /* Main.storyboard */ = {
			isa = PBXVariantGroup;
			children = (
				EE4E84F5289012A0006A28D5 /* Base */,
			);
			name = Main.storyboard;
			sourceTree = "<group>";
		};
		EE4E84F9289012A1006A28D5 /* LaunchScreen.storyboard */ = {
			isa = PBXVariantGroup;
			children = (
				EE4E84FA289012A1006A28D5 /* Base */,
			);
			name = LaunchScreen.storyboard;
			sourceTree = "<group>";
		};
/* End PBXVariantGroup section */

/* Begin XCBuildConfiguration section */
		EE4E84FD289012A1006A28D5 /* Debug */ = {
			isa = XCBuildConfiguration;
			buildSettings = {
				ALWAYS_SEARCH_USER_PATHS = NO;
				CLANG_ANALYZER_NONNULL = YES;
				CLANG_ANALYZER_NUMBER_OBJECT_CONVERSION = YES_AGGRESSIVE;
				CLANG_CXX_LANGUAGE_STANDARD = "gnu++17";
				CLANG_ENABLE_MODULES = YES;
				CLANG_ENABLE_OBJC_ARC = YES;
				CLANG_ENABLE_OBJC_WEAK = YES;
				CLANG_WARN_BLOCK_CAPTURE_AUTORELEASING = YES;
				CLANG_WARN_BOOL_CONVERSION = YES;
				CLANG_WARN_COMMA = YES;
				CLANG_WARN_CONSTANT_CONVERSION = YES;
				CLANG_WARN_DEPRECATED_OBJC_IMPLEMENTATIONS = YES;
				CLANG_WARN_DIRECT_OBJC_ISA_USAGE = YES_ERROR;
				CLANG_WARN_DOCUMENTATION_COMMENTS = YES;
				CLANG_WARN_EMPTY_BODY = YES;
				CLANG_WARN_ENUM_CONVERSION = YES;
				CLANG_WARN_INFINITE_RECURSION = YES;
				CLANG_WARN_INT_CONVERSION = YES;
				CLANG_WARN_NON_LITERAL_NULL_CONVERSION = YES;
				CLANG_WARN_OBJC_IMPLICIT_RETAIN_SELF = YES;
				CLANG_WARN_OBJC_LITERAL_CONVERSION = YES;
				CLANG_WARN_OBJC_ROOT_CLASS = YES_ERROR;
				CLANG_WARN_QUOTED_INCLUDE_IN_FRAMEWORK_HEADER = YES;
				CLANG_WARN_RANGE_LOOP_ANALYSIS = YES;
				CLANG_WARN_STRICT_PROTOTYPES = YES;
				CLANG_WARN_SUSPICIOUS_MOVE = YES;
				CLANG_WARN_UNGUARDED_AVAILABILITY = YES_AGGRESSIVE;
				CLANG_WARN_UNREACHABLE_CODE = YES;
				CLANG_WARN__DUPLICATE_METHOD_MATCH = YES;
				COPY_PHASE_STRIP = NO;
				DEBUG_INFORMATION_FORMAT = dwarf;
				ENABLE_STRICT_OBJC_MSGSEND = YES;
				ENABLE_TESTABILITY = YES;
				GCC_C_LANGUAGE_STANDARD = gnu11;
				GCC_DYNAMIC_NO_PIC = NO;
				GCC_NO_COMMON_BLOCKS = YES;
				GCC_OPTIMIZATION_LEVEL = 0;
				GCC_PREPROCESSOR_DEFINITIONS = (
					"DEBUG=1",
					"$(inherited)",
				);
				GCC_WARN_64_TO_32_BIT_CONVERSION = YES;
				GCC_WARN_ABOUT_RETURN_TYPE = YES_ERROR;
				GCC_WARN_UNDECLARED_SELECTOR = YES;
				GCC_WARN_UNINITIALIZED_AUTOS = YES_AGGRESSIVE;
				GCC_WARN_UNUSED_FUNCTION = YES;
				GCC_WARN_UNUSED_VARIABLE = YES;
				IPHONEOS_DEPLOYMENT_TARGET = 15.5;
				MTL_ENABLE_DEBUG_INFO = INCLUDE_SOURCE;
				MTL_FAST_MATH = YES;
				ONLY_ACTIVE_ARCH = YES;
				SDKROOT = iphoneos;
				SWIFT_ACTIVE_COMPILATION_CONDITIONS = DEBUG;
				SWIFT_OPTIMIZATION_LEVEL = "-Onone";
			};
			name = Debug;
		};
		EE4E84FE289012A1006A28D5 /* Release */ = {
			isa = XCBuildConfiguration;
			buildSettings = {
				ALWAYS_SEARCH_USER_PATHS = NO;
				CLANG_ANALYZER_NONNULL = YES;
				CLANG_ANALYZER_NUMBER_OBJECT_CONVERSION = YES_AGGRESSIVE;
				CLANG_CXX_LANGUAGE_STANDARD = "gnu++17";
				CLANG_ENABLE_MODULES = YES;
				CLANG_ENABLE_OBJC_ARC = YES;
				CLANG_ENABLE_OBJC_WEAK = YES;
				CLANG_WARN_BLOCK_CAPTURE_AUTORELEASING = YES;
				CLANG_WARN_BOOL_CONVERSION = YES;
				CLANG_WARN_COMMA = YES;
				CLANG_WARN_CONSTANT_CONVERSION = YES;
				CLANG_WARN_DEPRECATED_OBJC_IMPLEMENTATIONS = YES;
				CLANG_WARN_DIRECT_OBJC_ISA_USAGE = YES_ERROR;
				CLANG_WARN_DOCUMENTATION_COMMENTS = YES;
				CLANG_WARN_EMPTY_BODY = YES;
				CLANG_WARN_ENUM_CONVERSION = YES;
				CLANG_WARN_INFINITE_RECURSION = YES;
				CLANG_WARN_INT_CONVERSION = YES;
				CLANG_WARN_NON_LITERAL_NULL_CONVERSION = YES;
				CLANG_WARN_OBJC_IMPLICIT_RETAIN_SELF = YES;
				CLANG_WARN_OBJC_LITERAL_CONVERSION = YES;
				CLANG_WARN_OBJC_ROOT_CLASS = YES_ERROR;
				CLANG_WARN_QUOTED_INCLUDE_IN_FRAMEWORK_HEADER = YES;
				CLANG_WARN_RANGE_LOOP_ANALYSIS = YES;
				CLANG_WARN_STRICT_PROTOTYPES = YES;
				CLANG_WARN_SUSPICIOUS_MOVE = YES;
				CLANG_WARN_UNGUARDED_AVAILABILITY = YES_AGGRESSIVE;
				CLANG_WARN_UNREACHABLE_CODE = YES;
				CLANG_WARN__DUPLICATE_METHOD_MATCH = YES;
				COPY_PHASE_STRIP = NO;
				DEBUG_INFORMATION_FORMAT = "dwarf-with-dsym";
				ENABLE_NS_ASSERTIONS = NO;
				ENABLE_STRICT_OBJC_MSGSEND = YES;
				GCC_C_LANGUAGE_STANDARD = gnu11;
				GCC_NO_COMMON_BLOCKS = YES;
				GCC_WARN_64_TO_32_BIT_CONVERSION = YES;
				GCC_WARN_ABOUT_RETURN_TYPE = YES_ERROR;
				GCC_WARN_UNDECLARED_SELECTOR = YES;
				GCC_WARN_UNINITIALIZED_AUTOS = YES_AGGRESSIVE;
				GCC_WARN_UNUSED_FUNCTION = YES;
				GCC_WARN_UNUSED_VARIABLE = YES;
				IPHONEOS_DEPLOYMENT_TARGET = 15.5;
				MTL_ENABLE_DEBUG_INFO = NO;
				MTL_FAST_MATH = YES;
				SDKROOT = iphoneos;
				SWIFT_COMPILATION_MODE = wholemodule;
				SWIFT_OPTIMIZATION_LEVEL = "-O";
				VALIDATE_PRODUCT = YES;
			};
			name = Release;
		};
		EE4E8500289012A1006A28D5 /* Debug */ = {
			isa = XCBuildConfiguration;
			baseConfigurationReference = 6F2435761DC8DF68E2DC9628 /* Pods-LintRemoteDemo.debug.xcconfig */;
			buildSettings = {
				ASSETCATALOG_COMPILER_APPICON_NAME = AppIcon;
				ASSETCATALOG_COMPILER_GLOBAL_ACCENT_COLOR_NAME = AccentColor;
				CODE_SIGN_STYLE = Automatic;
				CURRENT_PROJECT_VERSION = 1;
				DEVELOPMENT_TEAM = J3PHXCA6HM;
				GENERATE_INFOPLIST_FILE = YES;
				INFOPLIST_FILE = LintRemoteDemo/Info.plist;
				INFOPLIST_KEY_UIApplicationSupportsIndirectInputEvents = YES;
				INFOPLIST_KEY_UILaunchStoryboardName = LaunchScreen;
				INFOPLIST_KEY_UIMainStoryboardFile = Main;
				INFOPLIST_KEY_UISupportedInterfaceOrientations_iPad = "UIInterfaceOrientationPortrait UIInterfaceOrientationPortraitUpsideDown UIInterfaceOrientationLandscapeLeft UIInterfaceOrientationLandscapeRight";
				INFOPLIST_KEY_UISupportedInterfaceOrientations_iPhone = "UIInterfaceOrientationPortrait UIInterfaceOrientationLandscapeLeft UIInterfaceOrientationLandscapeRight";
				LD_RUNPATH_SEARCH_PATHS = (
					"$(inherited)",
					"@executable_path/Frameworks",
				);
				MARKETING_VERSION = 1.0;
				PRODUCT_BUNDLE_IDENTIFIER = example.LintRemoteDemo;
				PRODUCT_NAME = "$(TARGET_NAME)";
				SWIFT_EMIT_LOC_STRINGS = YES;
				SWIFT_VERSION = 5.0;
				TARGETED_DEVICE_FAMILY = "1,2";
			};
			name = Debug;
		};
		EE4E8501289012A1006A28D5 /* Release */ = {
			isa = XCBuildConfiguration;
			baseConfigurationReference = C3BA777DA26AB0096AEDC8C4 /* Pods-LintRemoteDemo.release.xcconfig */;
			buildSettings = {
				ASSETCATALOG_COMPILER_APPICON_NAME = AppIcon;
				ASSETCATALOG_COMPILER_GLOBAL_ACCENT_COLOR_NAME = AccentColor;
				CODE_SIGN_STYLE = Automatic;
				CURRENT_PROJECT_VERSION = 1;
				DEVELOPMENT_TEAM = J3PHXCA6HM;
				GENERATE_INFOPLIST_FILE = YES;
				INFOPLIST_FILE = LintRemoteDemo/Info.plist;
				INFOPLIST_KEY_UIApplicationSupportsIndirectInputEvents = YES;
				INFOPLIST_KEY_UILaunchStoryboardName = LaunchScreen;
				INFOPLIST_KEY_UIMainStoryboardFile = Main;
				INFOPLIST_KEY_UISupportedInterfaceOrientations_iPad = "UIInterfaceOrientationPortrait UIInterfaceOrientationPortraitUpsideDown UIInterfaceOrientationLandscapeLeft UIInterfaceOrientationLandscapeRight";
				INFOPLIST_KEY_UISupportedInterfaceOrientations_iPhone = "UIInterfaceOrientationPortrait UIInterfaceOrientationLandscapeLeft UIInterfaceOrientationLandscapeRight";
				LD_RUNPATH_SEARCH_PATHS = (
					"$(inherited)",
					"@executable_path/Frameworks",
				);
				MARKETING_VERSION = 1.0;
				PRODUCT_BUNDLE_IDENTIFIER = example.LintRemoteDemo;
				PRODUCT_NAME = "$(TARGET_NAME)";
				SWIFT_EMIT_LOC_STRINGS = YES;
				SWIFT_VERSION = 5.0;
				TARGETED_DEVICE_FAMILY = "1,2";
			};
			name = Release;
		};
/* End XCBuildConfiguration section */

/* Begin XCConfigurationList section */
		EE4E84E6289012A0006A28D5 /* Build configuration list for PBXProject "LintRemoteDemo" */ = {
			isa = XCConfigurationList;
			buildConfigurations = (
				EE4E84FD289012A1006A28D5 /* Debug */,
				EE4E84FE289012A1006A28D5 /* Release */,
			);
			defaultConfigurationIsVisible = 0;
			defaultConfigurationName = Release;
		};
		EE4E84FF289012A1006A28D5 /* Build configuration list for PBXNativeTarget "LintRemoteDemo" */ = {
			isa = XCConfigurationList;
			buildConfigurations = (
				EE4E8500289012A1006A28D5 /* Debug */,
				EE4E8501289012A1006A28D5 /* Release */,
			);
			defaultConfigurationIsVisible = 0;
			defaultConfigurationName = Release;
		};
/* End XCConfigurationList section */
	};
	rootObject = EE4E84E3289012A0006A28D5 /* Project object */;
}
